
Microsoft Visual Studio Solution File, Format Version 12.00
# Visual Studio Version 17
VisualStudioVersion = 17.13.35617.110 d17.13
MinimumVisualStudioVersion = 10.0.40219.1
Project("{FAE04EC0-301F-11D3-BF4B-00C04F79EFBC}") = "ListView.MultiSelect", "ListView.MultiSelect.csproj", "{F1B6AB76-AB9E-2508-27CB-A8210F45EA2D}"
EndProject
Project("{FAE04EC0-301F-11D3-BF4B-00C04F79EFBC}") = "TestData", "..\..\Utilities\TestData\TestData.csproj", "{FACD7CDA-C820-E5F6-39F7-2C20D74D3E43}"
EndProject
Global
	GlobalSection(SolutionConfigurationPlatforms) = preSolution
		Debug|Any CPU = Debug|Any CPU
		Release|Any CPU = Release|Any CPU
	EndGlobalSection
	GlobalSection(ProjectConfigurationPlatforms) = postSolution
		{F1B6AB76-AB9E-2508-27CB-A8210F45EA2D}.Debug|Any CPU.ActiveCfg = Debug|Any CPU
		{F1B6AB76-AB9E-2508-27CB-A8210F45EA2D}.Debug|Any CPU.Build.0 = Debug|Any CPU
		{F1B6AB76-AB9E-2508-27CB-A8210F45EA2D}.Release|Any CPU.ActiveCfg = Release|Any CPU
		{F1B6AB76-AB9E-2508-27CB-A8210F45EA2D}.Release|Any CPU.Build.0 = Release|Any CPU
		{FACD7CDA-C820-E5F6-39F7-2C20D74D3E43}.Debug|Any CPU.ActiveCfg = Debug|Any CPU
		{FACD7CDA-C820-E5F6-39F7-2C20D74D3E43}.Debug|Any CPU.Build.0 = Debug|Any CPU
		{FACD7CDA-C820-E5F6-39F7-2C20D74D3E43}.Release|Any CPU.ActiveCfg = Release|Any CPU
		{FACD7CDA-C820-E5F6-39F7-2C20D74D3E43}.Release|Any CPU.Build.0 = Release|Any CPU
	EndGlobalSection
	GlobalSection(SolutionProperties) = preSolution
		HideSolutionNode = FALSE
	EndGlobalSection
	GlobalSection(ExtensibilityGlobals) = postSolution
		SolutionGuid = {6BF5FAD1-FD22-4303-BD40-3F13F8B24CAB}
	EndGlobalSection
EndGlobal
