
Microsoft Visual Studio Solution File, Format Version 12.00
# Visual Studio 15
VisualStudioVersion = 15.0.27130.2026
MinimumVisualStudioVersion = 10.0.40219.1
Project("{2150E333-8FDC-42A3-9474-1A3956D46DE8}") = "DialogHost", "DialogHost", "{6C87EA53-3FFE-4BE4-9A4A-449C6C3E7308}"
EndProject
Project("{FAE04EC0-301F-11D3-BF4B-00C04F79EFBC}") = "DialogHost.Example", "DialogHost\DialogHost.Example\DialogHost.Example.csproj", "{12148C32-D5F4-4F20-B72C-1337D68A90AB}"
EndProject
Project("{2150E333-8FDC-42A3-9474-1A3956D46DE8}") = "Transitioner", "Transitioner", "{33C99332-C5A0-4A54-A28D-377A4F3D3407}"
EndProject
Project("{FAE04EC0-301F-11D3-BF4B-00C04F79EFBC}") = "Trans", "Transitioner\Trans\Trans.csproj", "{4D057ECB-84FA-4582-8EA7-2EB4D47C9509}"
EndProject
Project("{2150E333-8FDC-42A3-9474-1A3956D46DE8}") = "MahApps", "MahApps", "{7D5DD8A1-9A00-4AC4-B04A-12346176CD03}"
EndProject
Project("{2150E333-8FDC-42A3-9474-1A3956D46DE8}") = "Basic", "Basic", "{D7BFAECC-D11D-462F-99FC-3557F50FD4C0}"
EndProject
Project("{FAE04EC0-301F-11D3-BF4B-00C04F79EFBC}") = "MahApps.Basic", "MahApps\MahApps.Basic\MahApps.Basic.csproj", "{CEAC25C3-9642-41A3-9562-37EA488DBB2C}"
EndProject
Project("{2150E333-8FDC-42A3-9474-1A3956D46DE8}") = "MVVM", "MVVM", "{845143B2-9C9B-4CBB-84C6-F3F16F6EF3A3}"
EndProject
Project("{2150E333-8FDC-42A3-9474-1A3956D46DE8}") = "Basic", "Basic", "{BB0A4C11-DFEB-4D55-90A8-48B0E39E622B}"
EndProject
Project("{FAE04EC0-301F-11D3-BF4B-00C04F79EFBC}") = "Basic.MVVM", "MVVM\Basic.MVVM\Basic.MVVM.csproj", "{E6D4F28F-BEC2-4858-BE70-3ADD66608C25}"
EndProject
Project("{2150E333-8FDC-42A3-9474-1A3956D46DE8}") = "Styling", "Styling", "{79522AC3-05A6-4374-B157-7F12A58FF5A5}"
EndProject
Project("{2150E333-8FDC-42A3-9474-1A3956D46DE8}") = "DragAndDrop", "DragAndDrop", "{E9C4CE92-4707-4EC9-874C-A0C1131B65AD}"
EndProject
Project("{FAE04EC0-301F-11D3-BF4B-00C04F79EFBC}") = "DragOverConditional", "Styling\DragAndDrop\DragOverConditional\DragOverConditional.csproj", "{801539F3-3AAE-4F32-8FF5-C8EC57A6896F}"
EndProject
Project("{2150E333-8FDC-42A3-9474-1A3956D46DE8}") = "DrawerHost", "DrawerHost", "{B722BA4E-AE07-424D-83FF-2A3A19354397}"
EndProject
Project("{FAE04EC0-301F-11D3-BF4B-00C04F79EFBC}") = "DrawerHost.Simple", "DrawerHost\DrawerHost.Simple\DrawerHost.Simple.csproj", "{9F1815E3-E4FB-4AA5-AA6A-D56C8BFF6DE2}"
EndProject
Project("{2150E333-8FDC-42A3-9474-1A3956D46DE8}") = "Basic", "Basic", "{FBE93520-5392-4286-8730-9C260C704854}"
EndProject
Project("{FAE04EC0-301F-11D3-BF4B-00C04F79EFBC}") = "Basic.Styling", "Styling\Basic\Basic.Styling\Basic.Styling.csproj", "{88B486B7-2B9F-4BF9-93A8-F987DD58DC35}"
EndProject
Project("{2150E333-8FDC-42A3-9474-1A3956D46DE8}") = "CustomControlTemplate", "CustomControlTemplate", "{23034A97-0C49-4C2A-8CF3-A3E1EBDBE650}"
EndProject
Project("{FAE04EC0-301F-11D3-BF4B-00C04F79EFBC}") = "CustomListBoxItem", "Styling\CustomControlTemplate\CustomListBoxItem\CustomListBoxItem.csproj", "{ED08B337-2DF3-42F2-9DCA-7019A6AA17A1}"
EndProject
Project("{2150E333-8FDC-42A3-9474-1A3956D46DE8}") = "TreeView", "TreeView", "{44692A44-739E-4161-98A7-3DCB1AD30C40}"
EndProject
Project("{FAE04EC0-301F-11D3-BF4B-00C04F79EFBC}") = "TreeViewMenu", "Styling\TreeView\TreeViewMenu\TreeViewMenu.csproj", "{CCAAAC24-9925-4EAE-8BB6-316F83CEBF41}"
EndProject
Project("{2150E333-8FDC-42A3-9474-1A3956D46DE8}") = "WindowIcon", "WindowIcon", "{B068D851-8893-4E0A-979C-9D5DE91FAB55}"
EndProject
Project("{FAE04EC0-301F-11D3-BF4B-00C04F79EFBC}") = "WindowsIcon", "MahApps\WindowIcon\WindowsIcon\WindowsIcon.csproj", "{3CF7702B-DDE2-4981-9011-9BA02FB03B5E}"
EndProject
Project("{2150E333-8FDC-42A3-9474-1A3956D46DE8}") = "Behaviors", "Behaviors", "{DE97D924-94B9-4F44-9469-7DB59BD5548C}"
EndProject
Project("{FAE04EC0-301F-11D3-BF4B-00C04F79EFBC}") = "SetFocusBehavior", "Behaviors\SetFocusBehavior\SetFocusBehavior.csproj", "{43CCC04D-C0C1-4A6B-8551-99934F72615E}"
EndProject
Project("{2150E333-8FDC-42A3-9474-1A3956D46DE8}") = "CustomThemes", "CustomThemes", "{99D95CEF-8F22-49AA-B498-13FE3FEAD776}"
EndProject
Project("{FAE04EC0-301F-11D3-BF4B-00C04F79EFBC}") = "CustomTheme", "MahApps\CustomThemes\CustomTheme\CustomTheme.csproj", "{3C1CD16A-36F2-4354-B53B-D81E462069D1}"
EndProject
Project("{2150E333-8FDC-42A3-9474-1A3956D46DE8}") = "Animation", "Animation", "{4E496B54-113E-4785-9A50-9DE93F120BC3}"
EndProject
Project("{FAE04EC0-301F-11D3-BF4B-00C04F79EFBC}") = "ShadowAnimation", "Animation\ShadowAnimation\ShadowAnimation.csproj", "{7A22A17F-C0DD-4D86-A578-84F83A906FFA}"
EndProject
Project("{2150E333-8FDC-42A3-9474-1A3956D46DE8}") = "ListView", "ListView", "{10D696D7-C27A-4B7A-B853-4A89CCA07768}"
EndProject
Project("{FAE04EC0-301F-11D3-BF4B-00C04F79EFBC}") = "ListViewColors", "Styling\ListView\ListViewColors\ListViewColors.csproj", "{45157E11-0B5A-4FA8-901F-0C54714046A9}"
EndProject
Global
	GlobalSection(SolutionConfigurationPlatforms) = preSolution
		Debug|Any CPU = Debug|Any CPU
		Release|Any CPU = Release|Any CPU
	EndGlobalSection
	GlobalSection(ProjectConfigurationPlatforms) = postSolution
		{12148C32-D5F4-4F20-B72C-1337D68A90AB}.Debug|Any CPU.ActiveCfg = Debug|Any CPU
		{12148C32-D5F4-4F20-B72C-1337D68A90AB}.Debug|Any CPU.Build.0 = Debug|Any CPU
		{12148C32-D5F4-4F20-B72C-1337D68A90AB}.Release|Any CPU.ActiveCfg = Release|Any CPU
		{12148C32-D5F4-4F20-B72C-1337D68A90AB}.Release|Any CPU.Build.0 = Release|Any CPU
		{4D057ECB-84FA-4582-8EA7-2EB4D47C9509}.Debug|Any CPU.ActiveCfg = Debug|Any CPU
		{4D057ECB-84FA-4582-8EA7-2EB4D47C9509}.Debug|Any CPU.Build.0 = Debug|Any CPU
		{4D057ECB-84FA-4582-8EA7-2EB4D47C9509}.Release|Any CPU.ActiveCfg = Release|Any CPU
		{4D057ECB-84FA-4582-8EA7-2EB4D47C9509}.Release|Any CPU.Build.0 = Release|Any CPU
		{CEAC25C3-9642-41A3-9562-37EA488DBB2C}.Debug|Any CPU.ActiveCfg = Debug|Any CPU
		{CEAC25C3-9642-41A3-9562-37EA488DBB2C}.Debug|Any CPU.Build.0 = Debug|Any CPU
		{CEAC25C3-9642-41A3-9562-37EA488DBB2C}.Release|Any CPU.ActiveCfg = Release|Any CPU
		{CEAC25C3-9642-41A3-9562-37EA488DBB2C}.Release|Any CPU.Build.0 = Release|Any CPU
		{E6D4F28F-BEC2-4858-BE70-3ADD66608C25}.Debug|Any CPU.ActiveCfg = Debug|Any CPU
		{E6D4F28F-BEC2-4858-BE70-3ADD66608C25}.Debug|Any CPU.Build.0 = Debug|Any CPU
		{E6D4F28F-BEC2-4858-BE70-3ADD66608C25}.Release|Any CPU.ActiveCfg = Release|Any CPU
		{E6D4F28F-BEC2-4858-BE70-3ADD66608C25}.Release|Any CPU.Build.0 = Release|Any CPU
		{801539F3-3AAE-4F32-8FF5-C8EC57A6896F}.Debug|Any CPU.ActiveCfg = Debug|Any CPU
		{801539F3-3AAE-4F32-8FF5-C8EC57A6896F}.Debug|Any CPU.Build.0 = Debug|Any CPU
		{801539F3-3AAE-4F32-8FF5-C8EC57A6896F}.Release|Any CPU.ActiveCfg = Release|Any CPU
		{801539F3-3AAE-4F32-8FF5-C8EC57A6896F}.Release|Any CPU.Build.0 = Release|Any CPU
		{9F1815E3-E4FB-4AA5-AA6A-D56C8BFF6DE2}.Debug|Any CPU.ActiveCfg = Debug|Any CPU
		{9F1815E3-E4FB-4AA5-AA6A-D56C8BFF6DE2}.Debug|Any CPU.Build.0 = Debug|Any CPU
		{9F1815E3-E4FB-4AA5-AA6A-D56C8BFF6DE2}.Release|Any CPU.ActiveCfg = Release|Any CPU
		{9F1815E3-E4FB-4AA5-AA6A-D56C8BFF6DE2}.Release|Any CPU.Build.0 = Release|Any CPU
		{88B486B7-2B9F-4BF9-93A8-F987DD58DC35}.Debug|Any CPU.ActiveCfg = Debug|Any CPU
		{88B486B7-2B9F-4BF9-93A8-F987DD58DC35}.Debug|Any CPU.Build.0 = Debug|Any CPU
		{88B486B7-2B9F-4BF9-93A8-F987DD58DC35}.Release|Any CPU.ActiveCfg = Release|Any CPU
		{88B486B7-2B9F-4BF9-93A8-F987DD58DC35}.Release|Any CPU.Build.0 = Release|Any CPU
		{ED08B337-2DF3-42F2-9DCA-7019A6AA17A1}.Debug|Any CPU.ActiveCfg = Debug|Any CPU
		{ED08B337-2DF3-42F2-9DCA-7019A6AA17A1}.Debug|Any CPU.Build.0 = Debug|Any CPU
		{ED08B337-2DF3-42F2-9DCA-7019A6AA17A1}.Release|Any CPU.ActiveCfg = Release|Any CPU
		{ED08B337-2DF3-42F2-9DCA-7019A6AA17A1}.Release|Any CPU.Build.0 = Release|Any CPU
		{CCAAAC24-9925-4EAE-8BB6-316F83CEBF41}.Debug|Any CPU.ActiveCfg = Debug|Any CPU
		{CCAAAC24-9925-4EAE-8BB6-316F83CEBF41}.Debug|Any CPU.Build.0 = Debug|Any CPU
		{CCAAAC24-9925-4EAE-8BB6-316F83CEBF41}.Release|Any CPU.ActiveCfg = Release|Any CPU
		{CCAAAC24-9925-4EAE-8BB6-316F83CEBF41}.Release|Any CPU.Build.0 = Release|Any CPU
		{3CF7702B-DDE2-4981-9011-9BA02FB03B5E}.Debug|Any CPU.ActiveCfg = Debug|Any CPU
		{3CF7702B-DDE2-4981-9011-9BA02FB03B5E}.Debug|Any CPU.Build.0 = Debug|Any CPU
		{3CF7702B-DDE2-4981-9011-9BA02FB03B5E}.Release|Any CPU.ActiveCfg = Release|Any CPU
		{3CF7702B-DDE2-4981-9011-9BA02FB03B5E}.Release|Any CPU.Build.0 = Release|Any CPU
		{43CCC04D-C0C1-4A6B-8551-99934F72615E}.Debug|Any CPU.ActiveCfg = Debug|Any CPU
		{43CCC04D-C0C1-4A6B-8551-99934F72615E}.Debug|Any CPU.Build.0 = Debug|Any CPU
		{43CCC04D-C0C1-4A6B-8551-99934F72615E}.Release|Any CPU.ActiveCfg = Release|Any CPU
		{43CCC04D-C0C1-4A6B-8551-99934F72615E}.Release|Any CPU.Build.0 = Release|Any CPU
		{3C1CD16A-36F2-4354-B53B-D81E462069D1}.Debug|Any CPU.ActiveCfg = Debug|Any CPU
		{3C1CD16A-36F2-4354-B53B-D81E462069D1}.Debug|Any CPU.Build.0 = Debug|Any CPU
		{3C1CD16A-36F2-4354-B53B-D81E462069D1}.Release|Any CPU.ActiveCfg = Release|Any CPU
		{3C1CD16A-36F2-4354-B53B-D81E462069D1}.Release|Any CPU.Build.0 = Release|Any CPU
		{7A22A17F-C0DD-4D86-A578-84F83A906FFA}.Debug|Any CPU.ActiveCfg = Debug|Any CPU
		{7A22A17F-C0DD-4D86-A578-84F83A906FFA}.Debug|Any CPU.Build.0 = Debug|Any CPU
		{7A22A17F-C0DD-4D86-A578-84F83A906FFA}.Release|Any CPU.ActiveCfg = Release|Any CPU
		{7A22A17F-C0DD-4D86-A578-84F83A906FFA}.Release|Any CPU.Build.0 = Release|Any CPU
		{45157E11-0B5A-4FA8-901F-0C54714046A9}.Debug|Any CPU.ActiveCfg = Debug|Any CPU
		{45157E11-0B5A-4FA8-901F-0C54714046A9}.Debug|Any CPU.Build.0 = Debug|Any CPU
		{45157E11-0B5A-4FA8-901F-0C54714046A9}.Release|Any CPU.ActiveCfg = Release|Any CPU
		{45157E11-0B5A-4FA8-901F-0C54714046A9}.Release|Any CPU.Build.0 = Release|Any CPU
	EndGlobalSection
	GlobalSection(SolutionProperties) = preSolution
		HideSolutionNode = FALSE
	EndGlobalSection
	GlobalSection(NestedProjects) = preSolution
		{12148C32-D5F4-4F20-B72C-1337D68A90AB} = {6C87EA53-3FFE-4BE4-9A4A-449C6C3E7308}
		{4D057ECB-84FA-4582-8EA7-2EB4D47C9509} = {33C99332-C5A0-4A54-A28D-377A4F3D3407}
		{D7BFAECC-D11D-462F-99FC-3557F50FD4C0} = {7D5DD8A1-9A00-4AC4-B04A-12346176CD03}
		{CEAC25C3-9642-41A3-9562-37EA488DBB2C} = {D7BFAECC-D11D-462F-99FC-3557F50FD4C0}
		{BB0A4C11-DFEB-4D55-90A8-48B0E39E622B} = {845143B2-9C9B-4CBB-84C6-F3F16F6EF3A3}
		{E6D4F28F-BEC2-4858-BE70-3ADD66608C25} = {BB0A4C11-DFEB-4D55-90A8-48B0E39E622B}
		{E9C4CE92-4707-4EC9-874C-A0C1131B65AD} = {79522AC3-05A6-4374-B157-7F12A58FF5A5}
		{801539F3-3AAE-4F32-8FF5-C8EC57A6896F} = {E9C4CE92-4707-4EC9-874C-A0C1131B65AD}
		{9F1815E3-E4FB-4AA5-AA6A-D56C8BFF6DE2} = {B722BA4E-AE07-424D-83FF-2A3A19354397}
		{FBE93520-5392-4286-8730-9C260C704854} = {79522AC3-05A6-4374-B157-7F12A58FF5A5}
		{88B486B7-2B9F-4BF9-93A8-F987DD58DC35} = {FBE93520-5392-4286-8730-9C260C704854}
		{23034A97-0C49-4C2A-8CF3-A3E1EBDBE650} = {79522AC3-05A6-4374-B157-7F12A58FF5A5}
		{ED08B337-2DF3-42F2-9DCA-7019A6AA17A1} = {23034A97-0C49-4C2A-8CF3-A3E1EBDBE650}
		{44692A44-739E-4161-98A7-3DCB1AD30C40} = {79522AC3-05A6-4374-B157-7F12A58FF5A5}
		{CCAAAC24-9925-4EAE-8BB6-316F83CEBF41} = {44692A44-739E-4161-98A7-3DCB1AD30C40}
		{B068D851-8893-4E0A-979C-9D5DE91FAB55} = {7D5DD8A1-9A00-4AC4-B04A-12346176CD03}
		{3CF7702B-DDE2-4981-9011-9BA02FB03B5E} = {B068D851-8893-4E0A-979C-9D5DE91FAB55}
		{43CCC04D-C0C1-4A6B-8551-99934F72615E} = {DE97D924-94B9-4F44-9469-7DB59BD5548C}
		{99D95CEF-8F22-49AA-B498-13FE3FEAD776} = {7D5DD8A1-9A00-4AC4-B04A-12346176CD03}
		{3C1CD16A-36F2-4354-B53B-D81E462069D1} = {99D95CEF-8F22-49AA-B498-13FE3FEAD776}
		{7A22A17F-C0DD-4D86-A578-84F83A906FFA} = {4E496B54-113E-4785-9A50-9DE93F120BC3}
		{10D696D7-C27A-4B7A-B853-4A89CCA07768} = {79522AC3-05A6-4374-B157-7F12A58FF5A5}
		{45157E11-0B5A-4FA8-901F-0C54714046A9} = {10D696D7-C27A-4B7A-B853-4A89CCA07768}
	EndGlobalSection
	GlobalSection(ExtensibilityGlobals) = postSolution
		SolutionGuid = {8FA48512-26D4-441B-B361-E0803274AC9C}
	EndGlobalSection
EndGlobal
