
Microsoft Visual Studio Solution File, Format Version 12.00
# Visual Studio 15
VisualStudioVersion = 15.0.26730.15
MinimumVisualStudioVersion = 10.0.40219.1
Project("{2150E333-8FDC-42A3-9474-1A3956D46DE8}") = "DialogHost", "DialogHost", "{6C87EA53-3FFE-4BE4-9A4A-449C6C3E7308}"
EndProject
Project("{FAE04EC0-301F-11D3-BF4B-00C04F79EFBC}") = "DialogHost.Example", "DialogHost\DialogHost.Example\DialogHost.Example.csproj", "{12148C32-D5F4-4F20-B72C-1337D68A90AB}"
EndProject
Project("{2150E333-8FDC-42A3-9474-1A3956D46DE8}") = "Transitioner", "Transitioner", "{33C99332-C5A0-4A54-A28D-377A4F3D3407}"
EndProject
Project("{FAE04EC0-301F-11D3-BF4B-00C04F79EFBC}") = "Trans", "Transitioner\Trans\Trans.csproj", "{4D057ECB-84FA-4582-8EA7-2EB4D47C9509}"
EndProject
Project("{2150E333-8FDC-42A3-9474-1A3956D46DE8}") = "MahApps", "MahApps", "{7D5DD8A1-9A00-4AC4-B04A-12346176CD03}"
EndProject
Project("{2150E333-8FDC-42A3-9474-1A3956D46DE8}") = "Basic", "Basic", "{D7BFAECC-D11D-462F-99FC-3557F50FD4C0}"
EndProject
Project("{FAE04EC0-301F-11D3-BF4B-00C04F79EFBC}") = "MahApps.Basic", "MahApps\MahApps.Basic\MahApps.Basic.csproj", "{CEAC25C3-9642-41A3-9562-37EA488DBB2C}"
EndProject
Project("{2150E333-8FDC-42A3-9474-1A3956D46DE8}") = "MVVM", "MVVM", "{845143B2-9C9B-4CBB-84C6-F3F16F6EF3A3}"
EndProject
Project("{2150E333-8FDC-42A3-9474-1A3956D46DE8}") = "Basic", "Basic", "{BB0A4C11-DFEB-4D55-90A8-48B0E39E622B}"
EndProject
Project("{FAE04EC0-301F-11D3-BF4B-00C04F79EFBC}") = "Basic.MVVM", "MVVM\Basic.MVVM\Basic.MVVM.csproj", "{E6D4F28F-BEC2-4858-BE70-3ADD66608C25}"
EndProject
Project("{2150E333-8FDC-42A3-9474-1A3956D46DE8}") = "Styling", "Styling", "{79522AC3-05A6-4374-B157-7F12A58FF5A5}"
EndProject
Project("{2150E333-8FDC-42A3-9474-1A3956D46DE8}") = "DragAndDrop", "DragAndDrop", "{E9C4CE92-4707-4EC9-874C-A0C1131B65AD}"
EndProject
Project("{FAE04EC0-301F-11D3-BF4B-00C04F79EFBC}") = "DragOverConditional", "Styling\DragAndDrop\DragOverConditional\DragOverConditional.csproj", "{801539F3-3AAE-4F32-8FF5-C8EC57A6896F}"
EndProject
Global
	GlobalSection(SolutionConfigurationPlatforms) = preSolution
		Debug|Any CPU = Debug|Any CPU
		Release|Any CPU = Release|Any CPU
	EndGlobalSection
	GlobalSection(ProjectConfigurationPlatforms) = postSolution
		{12148C32-D5F4-4F20-B72C-1337D68A90AB}.Debug|Any CPU.ActiveCfg = Debug|Any CPU
		{12148C32-D5F4-4F20-B72C-1337D68A90AB}.Debug|Any CPU.Build.0 = Debug|Any CPU
		{12148C32-D5F4-4F20-B72C-1337D68A90AB}.Release|Any CPU.ActiveCfg = Release|Any CPU
		{12148C32-D5F4-4F20-B72C-1337D68A90AB}.Release|Any CPU.Build.0 = Release|Any CPU
		{4D057ECB-84FA-4582-8EA7-2EB4D47C9509}.Debug|Any CPU.ActiveCfg = Debug|Any CPU
		{4D057ECB-84FA-4582-8EA7-2EB4D47C9509}.Debug|Any CPU.Build.0 = Debug|Any CPU
		{4D057ECB-84FA-4582-8EA7-2EB4D47C9509}.Release|Any CPU.ActiveCfg = Release|Any CPU
		{4D057ECB-84FA-4582-8EA7-2EB4D47C9509}.Release|Any CPU.Build.0 = Release|Any CPU
		{CEAC25C3-9642-41A3-9562-37EA488DBB2C}.Debug|Any CPU.ActiveCfg = Debug|Any CPU
		{CEAC25C3-9642-41A3-9562-37EA488DBB2C}.Debug|Any CPU.Build.0 = Debug|Any CPU
		{CEAC25C3-9642-41A3-9562-37EA488DBB2C}.Release|Any CPU.ActiveCfg = Release|Any CPU
		{CEAC25C3-9642-41A3-9562-37EA488DBB2C}.Release|Any CPU.Build.0 = Release|Any CPU
		{E6D4F28F-BEC2-4858-BE70-3ADD66608C25}.Debug|Any CPU.ActiveCfg = Debug|Any CPU
		{E6D4F28F-BEC2-4858-BE70-3ADD66608C25}.Debug|Any CPU.Build.0 = Debug|Any CPU
		{E6D4F28F-BEC2-4858-BE70-3ADD66608C25}.Release|Any CPU.ActiveCfg = Release|Any CPU
		{E6D4F28F-BEC2-4858-BE70-3ADD66608C25}.Release|Any CPU.Build.0 = Release|Any CPU
		{801539F3-3AAE-4F32-8FF5-C8EC57A6896F}.Debug|Any CPU.ActiveCfg = Debug|Any CPU
		{801539F3-3AAE-4F32-8FF5-C8EC57A6896F}.Debug|Any CPU.Build.0 = Debug|Any CPU
		{801539F3-3AAE-4F32-8FF5-C8EC57A6896F}.Release|Any CPU.ActiveCfg = Release|Any CPU
		{801539F3-3AAE-4F32-8FF5-C8EC57A6896F}.Release|Any CPU.Build.0 = Release|Any CPU
	EndGlobalSection
	GlobalSection(SolutionProperties) = preSolution
		HideSolutionNode = FALSE
	EndGlobalSection
	GlobalSection(NestedProjects) = preSolution
		{12148C32-D5F4-4F20-B72C-1337D68A90AB} = {6C87EA53-3FFE-4BE4-9A4A-449C6C3E7308}
		{4D057ECB-84FA-4582-8EA7-2EB4D47C9509} = {33C99332-C5A0-4A54-A28D-377A4F3D3407}
		{D7BFAECC-D11D-462F-99FC-3557F50FD4C0} = {7D5DD8A1-9A00-4AC4-B04A-12346176CD03}
		{CEAC25C3-9642-41A3-9562-37EA488DBB2C} = {D7BFAECC-D11D-462F-99FC-3557F50FD4C0}
		{BB0A4C11-DFEB-4D55-90A8-48B0E39E622B} = {845143B2-9C9B-4CBB-84C6-F3F16F6EF3A3}
		{E6D4F28F-BEC2-4858-BE70-3ADD66608C25} = {BB0A4C11-DFEB-4D55-90A8-48B0E39E622B}
		{E9C4CE92-4707-4EC9-874C-A0C1131B65AD} = {79522AC3-05A6-4374-B157-7F12A58FF5A5}
		{801539F3-3AAE-4F32-8FF5-C8EC57A6896F} = {E9C4CE92-4707-4EC9-874C-A0C1131B65AD}
	EndGlobalSection
	GlobalSection(ExtensibilityGlobals) = postSolution
		SolutionGuid = {8FA48512-26D4-441B-B361-E0803274AC9C}
	EndGlobalSection
EndGlobal
