
Microsoft Visual Studio Solution File, Format Version 12.00
# Visual Studio Version 16
VisualStudioVersion = 16.0.29020.237
MinimumVisualStudioVersion = 10.0.40219.1
Project("{FAE04EC0-301F-11D3-BF4B-00C04F79EFBC}") = "CustomTheme", "CustomTheme.csproj", "{3C1CD16A-36F2-4354-B53B-D81E462069D1}"
EndProject
Global
	GlobalSection(SolutionConfigurationPlatforms) = preSolution
		Debug|Any CPU = Debug|Any CPU
		Release|Any CPU = Release|Any CPU
	EndGlobalSection
	GlobalSection(ProjectConfigurationPlatforms) = postSolution
		{3C1CD16A-36F2-4354-B53B-D81E462069D1}.Debug|Any CPU.ActiveCfg = Debug|Any CPU
		{3C1CD16A-36F2-4354-B53B-D81E462069D1}.Debug|Any CPU.Build.0 = Debug|Any CPU
		{3C1CD16A-36F2-4354-B53B-D81E462069D1}.Release|Any CPU.ActiveCfg = Release|Any CPU
		{3C1CD16A-36F2-4354-B53B-D81E462069D1}.Release|Any CPU.Build.0 = Release|Any CPU
	EndGlobalSection
	GlobalSection(SolutionProperties) = preSolution
		HideSolutionNode = FALSE
	EndGlobalSection
	GlobalSection(ExtensibilityGlobals) = postSolution
		SolutionGuid = {A209F0A6-4078-4D3B-A3CF-41E5533517FB}
	EndGlobalSection
EndGlobal
