
Microsoft Visual Studio Solution File, Format Version 12.00
# Visual Studio 2012
Project("{FAE04EC0-301F-11D3-BF4B-00C04F79EFBC}") = "Microsoft.DwayneNeed", "Microsoft.DwayneNeed\Microsoft.DwayneNeed.csproj", "{80A10B86-6615-4440-93B0-C943DF5B8693}"
EndProject
Project("{FAE04EC0-301F-11D3-BF4B-00C04F79EFBC}") = "CustomBitmapDemo", "CustomBitmapDemo\CustomBitmapDemo.csproj", "{27576791-AFD0-45D1-BA98-F8654856B9E8}"
EndProject
Project("{FAE04EC0-301F-11D3-BF4B-00C04F79EFBC}") = "VisualTargetDemo", "VisualTargetDemo\VisualTargetDemo.csproj", "{1801DC29-3948-46FA-97F7-25459092F770}"
EndProject
Project("{FAE04EC0-301F-11D3-BF4B-00C04F79EFBC}") = "HierarchicalDataDemo", "HierarchicalDataDemo\HierarchicalDataDemo.csproj", "{F81101AB-7FBC-491D-8799-2C6C5D5FD869}"
EndProject
Project("{FAE04EC0-301F-11D3-BF4B-00C04F79EFBC}") = "GlobeDemo", "GlobeDemo\GlobeDemo.csproj", "{4BB56CC7-EB9E-4F3A-92C8-038140FECAF6}"
EndProject
Project("{FAE04EC0-301F-11D3-BF4B-00C04F79EFBC}") = "MultiThreadDataGridDemo", "MultiThreadDataGridDemo\MultiThreadDataGridDemo.csproj", "{C983468C-CDEF-489A-AD41-71099091ADB1}"
EndProject
Project("{FAE04EC0-301F-11D3-BF4B-00C04F79EFBC}") = "WeakEventDemo", "WeakEventDemo\WeakEventDemo.csproj", "{A73BADBA-EB8D-4679-A4C0-DAC41F2C0E37}"
EndProject
Project("{FAE04EC0-301F-11D3-BF4B-00C04F79EFBC}") = "DemoApp", "DemoApp\DemoApp.csproj", "{E6964BB0-8B1C-4800-9713-324604B8FF99}"
EndProject
Project("{FAE04EC0-301F-11D3-BF4B-00C04F79EFBC}") = "WindowsFormsControls", "WindowsFormsControls\WindowsFormsControls.csproj", "{230C7304-0FAE-4B6B-840C-6FA48606EFC7}"
EndProject
Project("{8BC9CEB8-8B4A-11D0-8D11-00A0C91BC942}") = "D2DSamples", "D2DSamples\D2DSamples.vcxproj", "{8C85BB2D-5256-458D-BDE2-F902C40696A0}"
EndProject
Project("{FAE04EC0-301F-11D3-BF4B-00C04F79EFBC}") = "TestCmd", "TestCmd\TestCmd.csproj", "{60010C5E-F371-44FA-A064-5CF85B0325A7}"
EndProject
Project("{FAE04EC0-301F-11D3-BF4B-00C04F79EFBC}") = "Microsoft.DwayneNeed.Win32", "Microsoft.DwayneNeed.Win32\Microsoft.DwayneNeed.Win32.csproj", "{39337E67-FDBB-4B17-AB5F-B65820CCD11E}"
EndProject
Project("{2150E333-8FDC-42A3-9474-1A3956D46DE8}") = "Microsoft.DwayneNeed.Reactive", "Microsoft.DwayneNeed.Reactive", "{BAFCCB5D-8065-47AD-BD91-6790B7BE63C3}"
EndProject
Project("{FAE04EC0-301F-11D3-BF4B-00C04F79EFBC}") = "Microsoft.DwayneNeed.Reactive.Contract", "Microsoft.DwayneNeed.Reactive.Contract\Microsoft.DwayneNeed.Reactive.Contract.csproj", "{33EDF422-30A2-4BE0-9226-D9C66B33FFF5}"
EndProject
Project("{FAE04EC0-301F-11D3-BF4B-00C04F79EFBC}") = "Microsoft.DwayneNeed.Reactive", "Microsoft.DwayneNeed.Reactive\Microsoft.DwayneNeed.Reactive.csproj", "{19C705AD-C49F-4DBA-8AE0-081E70F0C6B2}"
EndProject
Project("{FAE04EC0-301F-11D3-BF4B-00C04F79EFBC}") = "Microsoft.DwayneNeed.Reactive.UnitTests", "Microsoft.DwayneNeed.Reactive.UnitTests\Microsoft.DwayneNeed.Reactive.UnitTests.csproj", "{CFB8E5F7-4D2D-4992-80D3-48445442BCE4}"
EndProject
Global
	GlobalSection(TeamFoundationVersionControl) = preSolution
		SccNumberOfProjects = 16
		SccEnterpriseProvider = {4CA58AB2-18FA-4F8D-95D4-32DDF27D184C}
		SccTeamFoundationServer = https://tfs.codeplex.com/tfs/tfs06
		SccLocalPath0 = .
		SccProjectUniqueName1 = Microsoft.DwayneNeed\\Microsoft.DwayneNeed.csproj
		SccProjectName1 = Microsoft.DwayneNeed
		SccLocalPath1 = Microsoft.DwayneNeed
		SccProjectUniqueName2 = CustomBitmapDemo\\CustomBitmapDemo.csproj
		SccProjectName2 = CustomBitmapDemo
		SccLocalPath2 = CustomBitmapDemo
		SccProjectUniqueName3 = VisualTargetDemo\\VisualTargetDemo.csproj
		SccProjectName3 = VisualTargetDemo
		SccLocalPath3 = VisualTargetDemo
		SccProjectUniqueName4 = HierarchicalDataDemo\\HierarchicalDataDemo.csproj
		SccProjectName4 = HierarchicalDataDemo
		SccLocalPath4 = HierarchicalDataDemo
		SccProjectUniqueName5 = GlobeDemo\\GlobeDemo.csproj
		SccProjectName5 = GlobeDemo
		SccLocalPath5 = GlobeDemo
		SccProjectUniqueName6 = MultiThreadDataGridDemo\\MultiThreadDataGridDemo.csproj
		SccProjectName6 = MultiThreadDataGridDemo
		SccLocalPath6 = MultiThreadDataGridDemo
		SccProjectUniqueName7 = WeakEventDemo\\WeakEventDemo.csproj
		SccProjectName7 = WeakEventDemo
		SccLocalPath7 = WeakEventDemo
		SccProjectUniqueName8 = DemoApp\\DemoApp.csproj
		SccProjectName8 = DemoApp
		SccLocalPath8 = DemoApp
		SccProjectUniqueName9 = WindowsFormsControls\\WindowsFormsControls.csproj
		SccProjectName9 = WindowsFormsControls
		SccLocalPath9 = WindowsFormsControls
		SccProjectUniqueName10 = D2DSamples\\D2DSamples.vcxproj
		SccProjectName10 = D2DSamples
		SccLocalPath10 = D2DSamples
		SccProjectUniqueName11 = TestCmd\\TestCmd.csproj
		SccProjectName11 = TestCmd
		SccLocalPath11 = TestCmd
		SccProjectUniqueName12 = Microsoft.DwayneNeed.Win32\\Microsoft.DwayneNeed.Win32.csproj
		SccProjectName12 = Microsoft.DwayneNeed.Win32
		SccLocalPath12 = Microsoft.DwayneNeed.Win32
		SccProjectUniqueName13 = Microsoft.DwayneNeed.Reactive.Contract\\Microsoft.DwayneNeed.Reactive.Contract.csproj
		SccProjectTopLevelParentUniqueName13 = Microsoft.DwayneNeed.sln
		SccProjectName13 = Microsoft.DwayneNeed.Reactive.Contract
		SccLocalPath13 = Microsoft.DwayneNeed.Reactive.Contract
		SccProjectUniqueName14 = Microsoft.DwayneNeed.Reactive\\Microsoft.DwayneNeed.Reactive.csproj
		SccProjectTopLevelParentUniqueName14 = Microsoft.DwayneNeed.sln
		SccProjectName14 = Microsoft.DwayneNeed.Reactive
		SccLocalPath14 = Microsoft.DwayneNeed.Reactive
		SccProjectUniqueName15 = Microsoft.DwayneNeed.Reactive.UnitTests\\Microsoft.DwayneNeed.Reactive.UnitTests.csproj
		SccProjectTopLevelParentUniqueName15 = Microsoft.DwayneNeed.sln
		SccProjectName15 = Microsoft.DwayneNeed.Reactive.UnitTests
		SccLocalPath15 = Microsoft.DwayneNeed.Reactive.UnitTests
	EndGlobalSection
	GlobalSection(SolutionConfigurationPlatforms) = preSolution
		Debug|Any CPU = Debug|Any CPU
		Debug|Mixed Platforms = Debug|Mixed Platforms
		Debug|Win32 = Debug|Win32
		Debug|x86 = Debug|x86
		Release|Any CPU = Release|Any CPU
		Release|Mixed Platforms = Release|Mixed Platforms
		Release|Win32 = Release|Win32
		Release|x86 = Release|x86
	EndGlobalSection
	GlobalSection(ProjectConfigurationPlatforms) = postSolution
		{80A10B86-6615-4440-93B0-C943DF5B8693}.Debug|Any CPU.ActiveCfg = Debug|Any CPU
		{80A10B86-6615-4440-93B0-C943DF5B8693}.Debug|Any CPU.Build.0 = Debug|Any CPU
		{80A10B86-6615-4440-93B0-C943DF5B8693}.Debug|Mixed Platforms.ActiveCfg = Debug|Any CPU
		{80A10B86-6615-4440-93B0-C943DF5B8693}.Debug|Mixed Platforms.Build.0 = Debug|Any CPU
		{80A10B86-6615-4440-93B0-C943DF5B8693}.Debug|Win32.ActiveCfg = Debug|Any CPU
		{80A10B86-6615-4440-93B0-C943DF5B8693}.Debug|x86.ActiveCfg = Debug|Any CPU
		{80A10B86-6615-4440-93B0-C943DF5B8693}.Release|Any CPU.ActiveCfg = Release|Any CPU
		{80A10B86-6615-4440-93B0-C943DF5B8693}.Release|Any CPU.Build.0 = Release|Any CPU
		{80A10B86-6615-4440-93B0-C943DF5B8693}.Release|Mixed Platforms.ActiveCfg = Release|Any CPU
		{80A10B86-6615-4440-93B0-C943DF5B8693}.Release|Mixed Platforms.Build.0 = Release|Any CPU
		{80A10B86-6615-4440-93B0-C943DF5B8693}.Release|Win32.ActiveCfg = Release|Any CPU
		{80A10B86-6615-4440-93B0-C943DF5B8693}.Release|x86.ActiveCfg = Release|Any CPU
		{27576791-AFD0-45D1-BA98-F8654856B9E8}.Debug|Any CPU.ActiveCfg = Debug|Any CPU
		{27576791-AFD0-45D1-BA98-F8654856B9E8}.Debug|Any CPU.Build.0 = Debug|Any CPU
		{27576791-AFD0-45D1-BA98-F8654856B9E8}.Debug|Mixed Platforms.ActiveCfg = Debug|Any CPU
		{27576791-AFD0-45D1-BA98-F8654856B9E8}.Debug|Mixed Platforms.Build.0 = Debug|Any CPU
		{27576791-AFD0-45D1-BA98-F8654856B9E8}.Debug|Win32.ActiveCfg = Debug|Any CPU
		{27576791-AFD0-45D1-BA98-F8654856B9E8}.Debug|x86.ActiveCfg = Debug|Any CPU
		{27576791-AFD0-45D1-BA98-F8654856B9E8}.Release|Any CPU.ActiveCfg = Release|Any CPU
		{27576791-AFD0-45D1-BA98-F8654856B9E8}.Release|Any CPU.Build.0 = Release|Any CPU
		{27576791-AFD0-45D1-BA98-F8654856B9E8}.Release|Mixed Platforms.ActiveCfg = Release|Any CPU
		{27576791-AFD0-45D1-BA98-F8654856B9E8}.Release|Mixed Platforms.Build.0 = Release|Any CPU
		{27576791-AFD0-45D1-BA98-F8654856B9E8}.Release|Win32.ActiveCfg = Release|Any CPU
		{27576791-AFD0-45D1-BA98-F8654856B9E8}.Release|x86.ActiveCfg = Release|Any CPU
		{1801DC29-3948-46FA-97F7-25459092F770}.Debug|Any CPU.ActiveCfg = Debug|Any CPU
		{1801DC29-3948-46FA-97F7-25459092F770}.Debug|Any CPU.Build.0 = Debug|Any CPU
		{1801DC29-3948-46FA-97F7-25459092F770}.Debug|Mixed Platforms.ActiveCfg = Debug|Any CPU
		{1801DC29-3948-46FA-97F7-25459092F770}.Debug|Mixed Platforms.Build.0 = Debug|Any CPU
		{1801DC29-3948-46FA-97F7-25459092F770}.Debug|Win32.ActiveCfg = Debug|Any CPU
		{1801DC29-3948-46FA-97F7-25459092F770}.Debug|x86.ActiveCfg = Debug|Any CPU
		{1801DC29-3948-46FA-97F7-25459092F770}.Release|Any CPU.ActiveCfg = Release|Any CPU
		{1801DC29-3948-46FA-97F7-25459092F770}.Release|Any CPU.Build.0 = Release|Any CPU
		{1801DC29-3948-46FA-97F7-25459092F770}.Release|Mixed Platforms.ActiveCfg = Release|Any CPU
		{1801DC29-3948-46FA-97F7-25459092F770}.Release|Mixed Platforms.Build.0 = Release|Any CPU
		{1801DC29-3948-46FA-97F7-25459092F770}.Release|Win32.ActiveCfg = Release|Any CPU
		{1801DC29-3948-46FA-97F7-25459092F770}.Release|x86.ActiveCfg = Release|Any CPU
		{F81101AB-7FBC-491D-8799-2C6C5D5FD869}.Debug|Any CPU.ActiveCfg = Debug|Any CPU
		{F81101AB-7FBC-491D-8799-2C6C5D5FD869}.Debug|Any CPU.Build.0 = Debug|Any CPU
		{F81101AB-7FBC-491D-8799-2C6C5D5FD869}.Debug|Mixed Platforms.ActiveCfg = Debug|Any CPU
		{F81101AB-7FBC-491D-8799-2C6C5D5FD869}.Debug|Mixed Platforms.Build.0 = Debug|Any CPU
		{F81101AB-7FBC-491D-8799-2C6C5D5FD869}.Debug|Win32.ActiveCfg = Debug|Any CPU
		{F81101AB-7FBC-491D-8799-2C6C5D5FD869}.Debug|x86.ActiveCfg = Debug|Any CPU
		{F81101AB-7FBC-491D-8799-2C6C5D5FD869}.Release|Any CPU.ActiveCfg = Release|Any CPU
		{F81101AB-7FBC-491D-8799-2C6C5D5FD869}.Release|Any CPU.Build.0 = Release|Any CPU
		{F81101AB-7FBC-491D-8799-2C6C5D5FD869}.Release|Mixed Platforms.ActiveCfg = Release|Any CPU
		{F81101AB-7FBC-491D-8799-2C6C5D5FD869}.Release|Mixed Platforms.Build.0 = Release|Any CPU
		{F81101AB-7FBC-491D-8799-2C6C5D5FD869}.Release|Win32.ActiveCfg = Release|Any CPU
		{F81101AB-7FBC-491D-8799-2C6C5D5FD869}.Release|x86.ActiveCfg = Release|Any CPU
		{4BB56CC7-EB9E-4F3A-92C8-038140FECAF6}.Debug|Any CPU.ActiveCfg = Debug|Any CPU
		{4BB56CC7-EB9E-4F3A-92C8-038140FECAF6}.Debug|Any CPU.Build.0 = Debug|Any CPU
		{4BB56CC7-EB9E-4F3A-92C8-038140FECAF6}.Debug|Mixed Platforms.ActiveCfg = Debug|Any CPU
		{4BB56CC7-EB9E-4F3A-92C8-038140FECAF6}.Debug|Mixed Platforms.Build.0 = Debug|Any CPU
		{4BB56CC7-EB9E-4F3A-92C8-038140FECAF6}.Debug|Win32.ActiveCfg = Debug|Any CPU
		{4BB56CC7-EB9E-4F3A-92C8-038140FECAF6}.Debug|x86.ActiveCfg = Debug|Any CPU
		{4BB56CC7-EB9E-4F3A-92C8-038140FECAF6}.Release|Any CPU.ActiveCfg = Release|Any CPU
		{4BB56CC7-EB9E-4F3A-92C8-038140FECAF6}.Release|Any CPU.Build.0 = Release|Any CPU
		{4BB56CC7-EB9E-4F3A-92C8-038140FECAF6}.Release|Mixed Platforms.ActiveCfg = Release|Any CPU
		{4BB56CC7-EB9E-4F3A-92C8-038140FECAF6}.Release|Mixed Platforms.Build.0 = Release|Any CPU
		{4BB56CC7-EB9E-4F3A-92C8-038140FECAF6}.Release|Win32.ActiveCfg = Release|Any CPU
		{4BB56CC7-EB9E-4F3A-92C8-038140FECAF6}.Release|x86.ActiveCfg = Release|Any CPU
		{C983468C-CDEF-489A-AD41-71099091ADB1}.Debug|Any CPU.ActiveCfg = Debug|Any CPU
		{C983468C-CDEF-489A-AD41-71099091ADB1}.Debug|Any CPU.Build.0 = Debug|Any CPU
		{C983468C-CDEF-489A-AD41-71099091ADB1}.Debug|Mixed Platforms.ActiveCfg = Debug|x86
		{C983468C-CDEF-489A-AD41-71099091ADB1}.Debug|Mixed Platforms.Build.0 = Debug|x86
		{C983468C-CDEF-489A-AD41-71099091ADB1}.Debug|Win32.ActiveCfg = Debug|Any CPU
		{C983468C-CDEF-489A-AD41-71099091ADB1}.Debug|x86.ActiveCfg = Debug|Any CPU
		{C983468C-CDEF-489A-AD41-71099091ADB1}.Release|Any CPU.ActiveCfg = Release|Any CPU
		{C983468C-CDEF-489A-AD41-71099091ADB1}.Release|Any CPU.Build.0 = Release|Any CPU
		{C983468C-CDEF-489A-AD41-71099091ADB1}.Release|Mixed Platforms.ActiveCfg = Release|x86
		{C983468C-CDEF-489A-AD41-71099091ADB1}.Release|Mixed Platforms.Build.0 = Release|x86
		{C983468C-CDEF-489A-AD41-71099091ADB1}.Release|Win32.ActiveCfg = Release|Any CPU
		{C983468C-CDEF-489A-AD41-71099091ADB1}.Release|x86.ActiveCfg = Release|Any CPU
		{A73BADBA-EB8D-4679-A4C0-DAC41F2C0E37}.Debug|Any CPU.ActiveCfg = Debug|Any CPU
		{A73BADBA-EB8D-4679-A4C0-DAC41F2C0E37}.Debug|Any CPU.Build.0 = Debug|Any CPU
		{A73BADBA-EB8D-4679-A4C0-DAC41F2C0E37}.Debug|Mixed Platforms.ActiveCfg = Debug|x86
		{A73BADBA-EB8D-4679-A4C0-DAC41F2C0E37}.Debug|Mixed Platforms.Build.0 = Debug|x86
		{A73BADBA-EB8D-4679-A4C0-DAC41F2C0E37}.Debug|Win32.ActiveCfg = Debug|Any CPU
		{A73BADBA-EB8D-4679-A4C0-DAC41F2C0E37}.Debug|x86.ActiveCfg = Debug|x86
		{A73BADBA-EB8D-4679-A4C0-DAC41F2C0E37}.Debug|x86.Build.0 = Debug|x86
		{A73BADBA-EB8D-4679-A4C0-DAC41F2C0E37}.Release|Any CPU.ActiveCfg = Release|Any CPU
		{A73BADBA-EB8D-4679-A4C0-DAC41F2C0E37}.Release|Any CPU.Build.0 = Release|Any CPU
		{A73BADBA-EB8D-4679-A4C0-DAC41F2C0E37}.Release|Mixed Platforms.ActiveCfg = Release|x86
		{A73BADBA-EB8D-4679-A4C0-DAC41F2C0E37}.Release|Mixed Platforms.Build.0 = Release|x86
		{A73BADBA-EB8D-4679-A4C0-DAC41F2C0E37}.Release|Win32.ActiveCfg = Release|Any CPU
		{A73BADBA-EB8D-4679-A4C0-DAC41F2C0E37}.Release|x86.ActiveCfg = Release|x86
		{A73BADBA-EB8D-4679-A4C0-DAC41F2C0E37}.Release|x86.Build.0 = Release|x86
		{E6964BB0-8B1C-4800-9713-324604B8FF99}.Debug|Any CPU.ActiveCfg = Debug|Any CPU
		{E6964BB0-8B1C-4800-9713-324604B8FF99}.Debug|Any CPU.Build.0 = Debug|Any CPU
		{E6964BB0-8B1C-4800-9713-324604B8FF99}.Debug|Mixed Platforms.ActiveCfg = Debug|x86
		{E6964BB0-8B1C-4800-9713-324604B8FF99}.Debug|Mixed Platforms.Build.0 = Debug|x86
		{E6964BB0-8B1C-4800-9713-324604B8FF99}.Debug|Win32.ActiveCfg = Debug|Any CPU
		{E6964BB0-8B1C-4800-9713-324604B8FF99}.Debug|x86.ActiveCfg = Debug|x86
		{E6964BB0-8B1C-4800-9713-324604B8FF99}.Debug|x86.Build.0 = Debug|x86
		{E6964BB0-8B1C-4800-9713-324604B8FF99}.Release|Any CPU.ActiveCfg = Release|Any CPU
		{E6964BB0-8B1C-4800-9713-324604B8FF99}.Release|Any CPU.Build.0 = Release|Any CPU
		{E6964BB0-8B1C-4800-9713-324604B8FF99}.Release|Mixed Platforms.ActiveCfg = Release|x86
		{E6964BB0-8B1C-4800-9713-324604B8FF99}.Release|Mixed Platforms.Build.0 = Release|x86
		{E6964BB0-8B1C-4800-9713-324604B8FF99}.Release|Win32.ActiveCfg = Release|Any CPU
		{E6964BB0-8B1C-4800-9713-324604B8FF99}.Release|x86.ActiveCfg = Release|x86
		{E6964BB0-8B1C-4800-9713-324604B8FF99}.Release|x86.Build.0 = Release|x86
		{230C7304-0FAE-4B6B-840C-6FA48606EFC7}.Debug|Any CPU.ActiveCfg = Debug|Any CPU
		{230C7304-0FAE-4B6B-840C-6FA48606EFC7}.Debug|Any CPU.Build.0 = Debug|Any CPU
		{230C7304-0FAE-4B6B-840C-6FA48606EFC7}.Debug|Mixed Platforms.ActiveCfg = Debug|Any CPU
		{230C7304-0FAE-4B6B-840C-6FA48606EFC7}.Debug|Mixed Platforms.Build.0 = Debug|Any CPU
		{230C7304-0FAE-4B6B-840C-6FA48606EFC7}.Debug|Win32.ActiveCfg = Debug|Any CPU
		{230C7304-0FAE-4B6B-840C-6FA48606EFC7}.Debug|x86.ActiveCfg = Debug|Any CPU
		{230C7304-0FAE-4B6B-840C-6FA48606EFC7}.Release|Any CPU.ActiveCfg = Release|Any CPU
		{230C7304-0FAE-4B6B-840C-6FA48606EFC7}.Release|Any CPU.Build.0 = Release|Any CPU
		{230C7304-0FAE-4B6B-840C-6FA48606EFC7}.Release|Mixed Platforms.ActiveCfg = Release|Any CPU
		{230C7304-0FAE-4B6B-840C-6FA48606EFC7}.Release|Mixed Platforms.Build.0 = Release|Any CPU
		{230C7304-0FAE-4B6B-840C-6FA48606EFC7}.Release|Win32.ActiveCfg = Release|Any CPU
		{230C7304-0FAE-4B6B-840C-6FA48606EFC7}.Release|x86.ActiveCfg = Release|Any CPU
		{8C85BB2D-5256-458D-BDE2-F902C40696A0}.Debug|Any CPU.ActiveCfg = Debug|Win32
		{8C85BB2D-5256-458D-BDE2-F902C40696A0}.Debug|Mixed Platforms.ActiveCfg = Debug|Win32
		{8C85BB2D-5256-458D-BDE2-F902C40696A0}.Debug|Mixed Platforms.Build.0 = Debug|Win32
		{8C85BB2D-5256-458D-BDE2-F902C40696A0}.Debug|Win32.ActiveCfg = Debug|Win32
		{8C85BB2D-5256-458D-BDE2-F902C40696A0}.Debug|Win32.Build.0 = Debug|Win32
		{8C85BB2D-5256-458D-BDE2-F902C40696A0}.Debug|x86.ActiveCfg = Debug|Win32
		{8C85BB2D-5256-458D-BDE2-F902C40696A0}.Release|Any CPU.ActiveCfg = Release|Win32
		{8C85BB2D-5256-458D-BDE2-F902C40696A0}.Release|Mixed Platforms.ActiveCfg = Release|Win32
		{8C85BB2D-5256-458D-BDE2-F902C40696A0}.Release|Mixed Platforms.Build.0 = Release|Win32
		{8C85BB2D-5256-458D-BDE2-F902C40696A0}.Release|Win32.ActiveCfg = Release|Win32
		{8C85BB2D-5256-458D-BDE2-F902C40696A0}.Release|Win32.Build.0 = Release|Win32
		{8C85BB2D-5256-458D-BDE2-F902C40696A0}.Release|x86.ActiveCfg = Release|Win32
		{60010C5E-F371-44FA-A064-5CF85B0325A7}.Debug|Any CPU.ActiveCfg = Debug|Any CPU
		{60010C5E-F371-44FA-A064-5CF85B0325A7}.Debug|Any CPU.Build.0 = Debug|Any CPU
		{60010C5E-F371-44FA-A064-5CF85B0325A7}.Debug|Mixed Platforms.ActiveCfg = Debug|Any CPU
		{60010C5E-F371-44FA-A064-5CF85B0325A7}.Debug|Mixed Platforms.Build.0 = Debug|Any CPU
		{60010C5E-F371-44FA-A064-5CF85B0325A7}.Debug|Win32.ActiveCfg = Debug|Any CPU
		{60010C5E-F371-44FA-A064-5CF85B0325A7}.Debug|x86.ActiveCfg = Debug|Any CPU
		{60010C5E-F371-44FA-A064-5CF85B0325A7}.Release|Any CPU.ActiveCfg = Release|Any CPU
		{60010C5E-F371-44FA-A064-5CF85B0325A7}.Release|Any CPU.Build.0 = Release|Any CPU
		{60010C5E-F371-44FA-A064-5CF85B0325A7}.Release|Mixed Platforms.ActiveCfg = Release|Any CPU
		{60010C5E-F371-44FA-A064-5CF85B0325A7}.Release|Mixed Platforms.Build.0 = Release|Any CPU
		{60010C5E-F371-44FA-A064-5CF85B0325A7}.Release|Win32.ActiveCfg = Release|Any CPU
		{60010C5E-F371-44FA-A064-5CF85B0325A7}.Release|x86.ActiveCfg = Release|Any CPU
		{39337E67-FDBB-4B17-AB5F-B65820CCD11E}.Debug|Any CPU.ActiveCfg = Debug|Any CPU
		{39337E67-FDBB-4B17-AB5F-B65820CCD11E}.Debug|Any CPU.Build.0 = Debug|Any CPU
		{39337E67-FDBB-4B17-AB5F-B65820CCD11E}.Debug|Mixed Platforms.ActiveCfg = Debug|Any CPU
		{39337E67-FDBB-4B17-AB5F-B65820CCD11E}.Debug|Mixed Platforms.Build.0 = Debug|Any CPU
		{39337E67-FDBB-4B17-AB5F-B65820CCD11E}.Debug|Win32.ActiveCfg = Debug|Any CPU
		{39337E67-FDBB-4B17-AB5F-B65820CCD11E}.Debug|x86.ActiveCfg = Debug|Any CPU
		{39337E67-FDBB-4B17-AB5F-B65820CCD11E}.Release|Any CPU.ActiveCfg = Release|Any CPU
		{39337E67-FDBB-4B17-AB5F-B65820CCD11E}.Release|Any CPU.Build.0 = Release|Any CPU
		{39337E67-FDBB-4B17-AB5F-B65820CCD11E}.Release|Mixed Platforms.ActiveCfg = Release|Any CPU
		{39337E67-FDBB-4B17-AB5F-B65820CCD11E}.Release|Mixed Platforms.Build.0 = Release|Any CPU
		{39337E67-FDBB-4B17-AB5F-B65820CCD11E}.Release|Win32.ActiveCfg = Release|Any CPU
		{39337E67-FDBB-4B17-AB5F-B65820CCD11E}.Release|x86.ActiveCfg = Release|Any CPU
		{33EDF422-30A2-4BE0-9226-D9C66B33FFF5}.Debug|Any CPU.ActiveCfg = Debug|Any CPU
		{33EDF422-30A2-4BE0-9226-D9C66B33FFF5}.Debug|Any CPU.Build.0 = Debug|Any CPU
		{33EDF422-30A2-4BE0-9226-D9C66B33FFF5}.Debug|Mixed Platforms.ActiveCfg = Debug|Any CPU
		{33EDF422-30A2-4BE0-9226-D9C66B33FFF5}.Debug|Mixed Platforms.Build.0 = Debug|Any CPU
		{33EDF422-30A2-4BE0-9226-D9C66B33FFF5}.Debug|Win32.ActiveCfg = Debug|Any CPU
		{33EDF422-30A2-4BE0-9226-D9C66B33FFF5}.Debug|x86.ActiveCfg = Debug|Any CPU
		{33EDF422-30A2-4BE0-9226-D9C66B33FFF5}.Release|Any CPU.ActiveCfg = Release|Any CPU
		{33EDF422-30A2-4BE0-9226-D9C66B33FFF5}.Release|Any CPU.Build.0 = Release|Any CPU
		{33EDF422-30A2-4BE0-9226-D9C66B33FFF5}.Release|Mixed Platforms.ActiveCfg = Release|Any CPU
		{33EDF422-30A2-4BE0-9226-D9C66B33FFF5}.Release|Mixed Platforms.Build.0 = Release|Any CPU
		{33EDF422-30A2-4BE0-9226-D9C66B33FFF5}.Release|Win32.ActiveCfg = Release|Any CPU
		{33EDF422-30A2-4BE0-9226-D9C66B33FFF5}.Release|x86.ActiveCfg = Release|Any CPU
		{19C705AD-C49F-4DBA-8AE0-081E70F0C6B2}.Debug|Any CPU.ActiveCfg = Debug|Any CPU
		{19C705AD-C49F-4DBA-8AE0-081E70F0C6B2}.Debug|Any CPU.Build.0 = Debug|Any CPU
		{19C705AD-C49F-4DBA-8AE0-081E70F0C6B2}.Debug|Mixed Platforms.ActiveCfg = Debug|Any CPU
		{19C705AD-C49F-4DBA-8AE0-081E70F0C6B2}.Debug|Mixed Platforms.Build.0 = Debug|Any CPU
		{19C705AD-C49F-4DBA-8AE0-081E70F0C6B2}.Debug|Win32.ActiveCfg = Debug|Any CPU
		{19C705AD-C49F-4DBA-8AE0-081E70F0C6B2}.Debug|x86.ActiveCfg = Debug|Any CPU
		{19C705AD-C49F-4DBA-8AE0-081E70F0C6B2}.Release|Any CPU.ActiveCfg = Release|Any CPU
		{19C705AD-C49F-4DBA-8AE0-081E70F0C6B2}.Release|Any CPU.Build.0 = Release|Any CPU
		{19C705AD-C49F-4DBA-8AE0-081E70F0C6B2}.Release|Mixed Platforms.ActiveCfg = Release|Any CPU
		{19C705AD-C49F-4DBA-8AE0-081E70F0C6B2}.Release|Mixed Platforms.Build.0 = Release|Any CPU
		{19C705AD-C49F-4DBA-8AE0-081E70F0C6B2}.Release|Win32.ActiveCfg = Release|Any CPU
		{19C705AD-C49F-4DBA-8AE0-081E70F0C6B2}.Release|x86.ActiveCfg = Release|Any CPU
		{CFB8E5F7-4D2D-4992-80D3-48445442BCE4}.Debug|Any CPU.ActiveCfg = Debug|Any CPU
		{CFB8E5F7-4D2D-4992-80D3-48445442BCE4}.Debug|Any CPU.Build.0 = Debug|Any CPU
		{CFB8E5F7-4D2D-4992-80D3-48445442BCE4}.Debug|Mixed Platforms.ActiveCfg = Debug|Any CPU
		{CFB8E5F7-4D2D-4992-80D3-48445442BCE4}.Debug|Mixed Platforms.Build.0 = Debug|Any CPU
		{CFB8E5F7-4D2D-4992-80D3-48445442BCE4}.Debug|Win32.ActiveCfg = Debug|Any CPU
		{CFB8E5F7-4D2D-4992-80D3-48445442BCE4}.Debug|x86.ActiveCfg = Debug|Any CPU
		{CFB8E5F7-4D2D-4992-80D3-48445442BCE4}.Release|Any CPU.ActiveCfg = Release|Any CPU
		{CFB8E5F7-4D2D-4992-80D3-48445442BCE4}.Release|Any CPU.Build.0 = Release|Any CPU
		{CFB8E5F7-4D2D-4992-80D3-48445442BCE4}.Release|Mixed Platforms.ActiveCfg = Release|Any CPU
		{CFB8E5F7-4D2D-4992-80D3-48445442BCE4}.Release|Mixed Platforms.Build.0 = Release|Any CPU
		{CFB8E5F7-4D2D-4992-80D3-48445442BCE4}.Release|Win32.ActiveCfg = Release|Any CPU
		{CFB8E5F7-4D2D-4992-80D3-48445442BCE4}.Release|x86.ActiveCfg = Release|Any CPU
	EndGlobalSection
	GlobalSection(SolutionProperties) = preSolution
		HideSolutionNode = FALSE
	EndGlobalSection
	GlobalSection(NestedProjects) = preSolution
		{33EDF422-30A2-4BE0-9226-D9C66B33FFF5} = {BAFCCB5D-8065-47AD-BD91-6790B7BE63C3}
		{19C705AD-C49F-4DBA-8AE0-081E70F0C6B2} = {BAFCCB5D-8065-47AD-BD91-6790B7BE63C3}
		{CFB8E5F7-4D2D-4992-80D3-48445442BCE4} = {BAFCCB5D-8065-47AD-BD91-6790B7BE63C3}
	EndGlobalSection
EndGlobal
